<?xml version="1.0" encoding="UTF-8" standalone="yes" ?>
<CodeBlocks_project_file>
	<FileVersion major="1" minor="6" />
	<Project>
		<Option title="nopNES" />
		<Option pch_mode="2" />
		<Option compiler="gcc" />
		<Build>
			<Target title="Debug">
				<Option output="bin/Debug/nopNES" prefix_auto="1" extension_auto="1" />
				<Option object_output="obj/Debug/" />
				<Option type="1" />
				<Option compiler="gcc" />
				<Compiler>
					<Add option="-fomit-frame-pointer" />
					<Add option="-fexpensive-optimizations" />
					<Add option="-O3" />
					<Add option="-std=c++14" />
				</Compiler>
				<Linker>
					<Add option="-s" />
				</Linker>
			</Target>
			<Target title="Release">
				<Option output="bin/Release/nopNES" prefix_auto="1" extension_auto="1" />
				<Option object_output="obj/Release/" />
				<Option type="1" />
				<Option compiler="gcc" />
				<Compiler>
					<Add option="-O2" />
				</Compiler>
				<Linker>
					<Add option="-s" />
				</Linker>
			</Target>
			<Target title="Debug WIN">
				<Option output="bin/Debug/nopNES.exe" prefix_auto="0" extension_auto="0" />
				<Option type="1" />
				<Option compiler="gcc_windows_i686" />
				<Option use_console_runner="0" />
				<Compiler>
					<Add option="-fexpensive-optimizations" />
					<Add option="-O3" />
					<Add option="-m32" />
					<Add directory="/home/zach/SDL2-2.0.10/i686-w64-mingw32/include" />
					<Add directory="/usr/i686-w64-mingw32/include" />
				</Compiler>
				<Linker>
					<Add option="-m32" />
					<Add option="-lSDL2" />
					<Add option="-pthread" />
					<Add option="-lmingw32" />
					<Add option="-static-libgcc" />
					<Add option="-static-libstdc++" />
					<Add directory="/home/zach/SDL2-2.0.10/i686-w64-mingw32/lib" />
					<Add directory="/usr/i686-w64-mingw32/lib" />
				</Linker>
			</Target>
		</Build>
		<Compiler>
			<Add option="-fexpensive-optimizations" />
			<Add option="-O3" />
			<Add option="-Wall" />
			<Add option="-fexceptions" />
		</Compiler>
		<Linker>
			<Add option="-lSDL2" />
			<Add option="-pthread" />
		</Linker>
		<Unit filename="Controls.hpp" />
		<Unit filename="cpu.hpp" />
		<Unit filename="graphics.hpp" />
		<Unit filename="include.hpp" />
		<Unit filename="main.cpp" />
		<Extensions>
			<code_completion />
			<debugger />
		</Extensions>
	</Project>
</CodeBlocks_project_file>
